
Microsoft Visual Studio Solution File, Format Version 12.00
# Visual Studio Version 16
VisualStudioVersion = 16.0.32510.428
MinimumVisualStudioVersion = 10.0.40219.1
Project("{9A19103F-16F7-4668-BE54-9A1E7A4F7556}") = "BugTracker.Api", "BugTracker\BugTracker.Api.csproj", "{45291BBD-D460-415D-9D08-6336F9EA1F1A}"
EndProject
Project("{9A19103F-16F7-4668-BE54-9A1E7A4F7556}") = "BugTracker.Core", "BugTracker.Core\BugTracker.Core.csproj", "{224C4309-2089-4C94-A991-5C5EFDA91E4D}"
EndProject
Project("{9A19103F-16F7-4668-BE54-9A1E7A4F7556}") = "BugTracker.Infrastructure", "BugTracker.Infrastructure\BugTracker.Infrastructure.csproj", "{0A476498-D767-45AD-AADF-47ECB44E21B2}"
EndProject
Project("{FAE04EC0-301F-11D3-BF4B-00C04F79EFBC}") = "BugTrackerAlgorithms", "BugTrackerAlgorithms\BugTrackerAlgorithms.csproj", "{A783D78C-D3D8-4AD8-BC76-C9E015179246}"
EndProject
Project("{FAE04EC0-301F-11D3-BF4B-00C04F79EFBC}") = "BugTrackerAlgorithms.Tests", "BugTrackerAlgorithms.Tests\BugTrackerAlgorithms.Tests.csproj", "{11DE0DA9-A91B-4797-B7FC-462A81697174}"
EndProject
Global
	GlobalSection(SolutionConfigurationPlatforms) = preSolution
		Debug|Any CPU = Debug|Any CPU
		Release|Any CPU = Release|Any CPU
	EndGlobalSection
	GlobalSection(ProjectConfigurationPlatforms) = postSolution
		{45291BBD-D460-415D-9D08-6336F9EA1F1A}.Debug|Any CPU.ActiveCfg = Debug|Any CPU
		{45291BBD-D460-415D-9D08-6336F9EA1F1A}.Debug|Any CPU.Build.0 = Debug|Any CPU
		{45291BBD-D460-415D-9D08-6336F9EA1F1A}.Release|Any CPU.ActiveCfg = Release|Any CPU
		{45291BBD-D460-415D-9D08-6336F9EA1F1A}.Release|Any CPU.Build.0 = Release|Any CPU
		{224C4309-2089-4C94-A991-5C5EFDA91E4D}.Debug|Any CPU.ActiveCfg = Debug|Any CPU
		{224C4309-2089-4C94-A991-5C5EFDA91E4D}.Debug|Any CPU.Build.0 = Debug|Any CPU
		{224C4309-2089-4C94-A991-5C5EFDA91E4D}.Release|Any CPU.ActiveCfg = Release|Any CPU
		{224C4309-2089-4C94-A991-5C5EFDA91E4D}.Release|Any CPU.Build.0 = Release|Any CPU
		{0A476498-D767-45AD-AADF-47ECB44E21B2}.Debug|Any CPU.ActiveCfg = Debug|Any CPU
		{0A476498-D767-45AD-AADF-47ECB44E21B2}.Debug|Any CPU.Build.0 = Debug|Any CPU
		{0A476498-D767-45AD-AADF-47ECB44E21B2}.Release|Any CPU.ActiveCfg = Release|Any CPU
		{0A476498-D767-45AD-AADF-47ECB44E21B2}.Release|Any CPU.Build.0 = Release|Any CPU
		{A783D78C-D3D8-4AD8-BC76-C9E015179246}.Debug|Any CPU.ActiveCfg = Debug|Any CPU
		{A783D78C-D3D8-4AD8-BC76-C9E015179246}.Debug|Any CPU.Build.0 = Debug|Any CPU
		{A783D78C-D3D8-4AD8-BC76-C9E015179246}.Release|Any CPU.ActiveCfg = Release|Any CPU
		{A783D78C-D3D8-4AD8-BC76-C9E015179246}.Release|Any CPU.Build.0 = Release|Any CPU
		{11DE0DA9-A91B-4797-B7FC-462A81697174}.Debug|Any CPU.ActiveCfg = Debug|Any CPU
		{11DE0DA9-A91B-4797-B7FC-462A81697174}.Debug|Any CPU.Build.0 = Debug|Any CPU
		{11DE0DA9-A91B-4797-B7FC-462A81697174}.Release|Any CPU.ActiveCfg = Release|Any CPU
		{11DE0DA9-A91B-4797-B7FC-462A81697174}.Release|Any CPU.Build.0 = Release|Any CPU
	EndGlobalSection
	GlobalSection(SolutionProperties) = preSolution
		HideSolutionNode = FALSE
	EndGlobalSection
	GlobalSection(ExtensibilityGlobals) = postSolution
		SolutionGuid = {3BBB4FDA-FEB4-4E11-BF47-67E3C90E5A42}
	EndGlobalSection
EndGlobal
